// !$*UTF8*$!
{
	archiveVersion = 1;
	classes = {
	};
	objectVersion = 50;
	objects = {

/* Begin PBXBuildFile section */
		2F2BE7A9246DA08800F97E7C /* AppDelegate.swift in Sources */ = {isa = PBXBuildFile; fileRef = 2F2BE7A8246DA08800F97E7C /* AppDelegate.swift */; };
		2F2BE7AB246DA08800F97E7C /* SceneDelegate.swift in Sources */ = {isa = PBXBuildFile; fileRef = 2F2BE7AA246DA08800F97E7C /* SceneDelegate.swift */; };
		2F2BE7B0246DA08800F97E7C /* Main.storyboard in Resources */ = {isa = PBXBuildFile; fileRef = 2F2BE7AE246DA08800F97E7C /* Main.storyboard */; };
		2F2BE7B2246DA09200F97E7C /* Assets.xcassets in Resources */ = {isa = PBXBuildFile; fileRef = 2F2BE7B1246DA09200F97E7C /* Assets.xcassets */; };
		2F2BE7B5246DA09200F97E7C /* LaunchScreen.storyboard in Resources */ = {isa = PBXBuildFile; fileRef = 2F2BE7B3246DA09200F97E7C /* LaunchScreen.storyboard */; };
		2F2BE7BE246DB1B400F97E7C /* WeatherListTableViewController.swift in Sources */ = {isa = PBXBuildFile; fileRef = 2F2BE7BD246DB1B300F97E7C /* WeatherListTableViewController.swift */; };
		2F2BE7C0246DB28C00F97E7C /* AddWeatherCityViewController.swift in Sources */ = {isa = PBXBuildFile; fileRef = 2F2BE7BF246DB28C00F97E7C /* AddWeatherCityViewController.swift */; };
		2F2BE7C4246DC27800F97E7C /* WeatherCell.swift in Sources */ = {isa = PBXBuildFile; fileRef = 2F2BE7C3246DC27800F97E7C /* WeatherCell.swift */; };
		2F2BE7C7246DE95E00F97E7C /* WebService.swift in Sources */ = {isa = PBXBuildFile; fileRef = 2F2BE7C6246DE95E00F97E7C /* WebService.swift */; };
		2F2BE7CA246DEF9000F97E7C /* WeatherListViewModel.swift in Sources */ = {isa = PBXBuildFile; fileRef = 2F2BE7C9246DEF9000F97E7C /* WeatherListViewModel.swift */; };
/* End PBXBuildFile section */

/* Begin PBXFileReference section */
		2F2BE7A5246DA08800F97E7C /* WeatherApp.app */ = {isa = PBXFileReference; explicitFileType = wrapper.application; includeInIndex = 0; path = WeatherApp.app; sourceTree = BUILT_PRODUCTS_DIR; };
		2F2BE7A8246DA08800F97E7C /* AppDelegate.swift */ = {isa = PBXFileReference; lastKnownFileType = sourcecode.swift; path = AppDelegate.swift; sourceTree = "<group>"; };
		2F2BE7AA246DA08800F97E7C /* SceneDelegate.swift */ = {isa = PBXFileReference; lastKnownFileType = sourcecode.swift; path = SceneDelegate.swift; sourceTree = "<group>"; };
		2F2BE7AF246DA08800F97E7C /* Base */ = {isa = PBXFileReference; lastKnownFileType = file.storyboard; name = Base; path = Base.lproj/Main.storyboard; sourceTree = "<group>"; };
		2F2BE7B1246DA09200F97E7C /* Assets.xcassets */ = {isa = PBXFileReference; lastKnownFileType = folder.assetcatalog; path = Assets.xcassets; sourceTree = "<group>"; };
		2F2BE7B4246DA09200F97E7C /* Base */ = {isa = PBXFileReference; lastKnownFileType = file.storyboard; name = Base; path = Base.lproj/LaunchScreen.storyboard; sourceTree = "<group>"; };
		2F2BE7B6246DA09200F97E7C /* Info.plist */ = {isa = PBXFileReference; lastKnownFileType = text.plist.xml; path = Info.plist; sourceTree = "<group>"; };
		2F2BE7BD246DB1B300F97E7C /* WeatherListTableViewController.swift */ = {isa = PBXFileReference; lastKnownFileType = sourcecode.swift; path = WeatherListTableViewController.swift; sourceTree = "<group>"; };
		2F2BE7BF246DB28C00F97E7C /* AddWeatherCityViewController.swift */ = {isa = PBXFileReference; lastKnownFileType = sourcecode.swift; path = AddWeatherCityViewController.swift; sourceTree = "<group>"; };
		2F2BE7C3246DC27800F97E7C /* WeatherCell.swift */ = {isa = PBXFileReference; lastKnownFileType = sourcecode.swift; path = WeatherCell.swift; sourceTree = "<group>"; };
		2F2BE7C6246DE95E00F97E7C /* WebService.swift */ = {isa = PBXFileReference; lastKnownFileType = sourcecode.swift; path = WebService.swift; sourceTree = "<group>"; };
		2F2BE7C9246DEF9000F97E7C /* WeatherListViewModel.swift */ = {isa = PBXFileReference; lastKnownFileType = sourcecode.swift; path = WeatherListViewModel.swift; sourceTree = "<group>"; };
/* End PBXFileReference section */

/* Begin PBXFrameworksBuildPhase section */
		2F2BE7A2246DA08800F97E7C /* Frameworks */ = {
			isa = PBXFrameworksBuildPhase;
			buildActionMask = 2147483647;
			files = (
			);
			runOnlyForDeploymentPostprocessing = 0;
		};
/* End PBXFrameworksBuildPhase section */

/* Begin PBXGroup section */
		2F2BE79C246DA08800F97E7C = {
			isa = PBXGroup;
			children = (
				2F2BE7A7246DA08800F97E7C /* WeatherApp */,
				2F2BE7A6246DA08800F97E7C /* Products */,
			);
			sourceTree = "<group>";
		};
		2F2BE7A6246DA08800F97E7C /* Products */ = {
			isa = PBXGroup;
			children = (
				2F2BE7A5246DA08800F97E7C /* WeatherApp.app */,
			);
			name = Products;
			sourceTree = "<group>";
		};
		2F2BE7A7246DA08800F97E7C /* WeatherApp */ = {
			isa = PBXGroup;
			children = (
				2F2BE7C8246DEF7C00F97E7C /* ViewModels */,
				2F2BE7C5246DE93500F97E7C /* Services */,
				2F2BE7C2246DC25800F97E7C /* Custom Cells */,
				2F2BE7BC246DB18300F97E7C /* Controllers */,
				2F2BE7A8246DA08800F97E7C /* AppDelegate.swift */,
				2F2BE7AA246DA08800F97E7C /* SceneDelegate.swift */,
				2F2BE7AE246DA08800F97E7C /* Main.storyboard */,
				2F2BE7B1246DA09200F97E7C /* Assets.xcassets */,
				2F2BE7B3246DA09200F97E7C /* LaunchScreen.storyboard */,
				2F2BE7B6246DA09200F97E7C /* Info.plist */,
			);
			path = WeatherApp;
			sourceTree = "<group>";
		};
		2F2BE7BC246DB18300F97E7C /* Controllers */ = {
			isa = PBXGroup;
			children = (
				2F2BE7BD246DB1B300F97E7C /* WeatherListTableViewController.swift */,
				2F2BE7BF246DB28C00F97E7C /* AddWeatherCityViewController.swift */,
			);
			path = Controllers;
			sourceTree = "<group>";
		};
		2F2BE7C2246DC25800F97E7C /* Custom Cells */ = {
			isa = PBXGroup;
			children = (
				2F2BE7C3246DC27800F97E7C /* WeatherCell.swift */,
			);
			path = "Custom Cells";
			sourceTree = "<group>";
		};
		2F2BE7C5246DE93500F97E7C /* Services */ = {
			isa = PBXGroup;
			children = (
				2F2BE7C6246DE95E00F97E7C /* WebService.swift */,
			);
			path = Services;
			sourceTree = "<group>";
		};
		2F2BE7C8246DEF7C00F97E7C /* ViewModels */ = {
			isa = PBXGroup;
			children = (
				2F2BE7C9246DEF9000F97E7C /* WeatherListViewModel.swift */,
			);
			path = ViewModels;
			sourceTree = "<group>";
		};
/* End PBXGroup section */

/* Begin PBXNativeTarget section */
		2F2BE7A4246DA08800F97E7C /* WeatherApp */ = {
			isa = PBXNativeTarget;
			buildConfigurationList = 2F2BE7B9246DA09200F97E7C /* Build configuration list for PBXNativeTarget "WeatherApp" */;
			buildPhases = (
				2F2BE7A1246DA08800F97E7C /* Sources */,
				2F2BE7A2246DA08800F97E7C /* Frameworks */,
				2F2BE7A3246DA08800F97E7C /* Resources */,
			);
			buildRules = (
			);
			dependencies = (
			);
			name = WeatherApp;
			productName = WeatherApp;
			productReference = 2F2BE7A5246DA08800F97E7C /* WeatherApp.app */;
			productType = "com.apple.product-type.application";
		};
/* End PBXNativeTarget section */

/* Begin PBXProject section */
		2F2BE79D246DA08800F97E7C /* Project object */ = {
			isa = PBXProject;
			attributes = {
				LastSwiftUpdateCheck = 1140;
				LastUpgradeCheck = 1140;
				ORGANIZATIONNAME = "Dala ";
				TargetAttributes = {
					2F2BE7A4246DA08800F97E7C = {
						CreatedOnToolsVersion = 11.4.1;
					};
				};
			};
			buildConfigurationList = 2F2BE7A0246DA08800F97E7C /* Build configuration list for PBXProject "WeatherApp" */;
			compatibilityVersion = "Xcode 9.3";
			developmentRegion = en;
			hasScannedForEncodings = 0;
			knownRegions = (
				en,
				Base,
			);
			mainGroup = 2F2BE79C246DA08800F97E7C;
			productRefGroup = 2F2BE7A6246DA08800F97E7C /* Products */;
			projectDirPath = "";
			projectRoot = "";
			targets = (
				2F2BE7A4246DA08800F97E7C /* WeatherApp */,
			);
		};
/* End PBXProject section */

/* Begin PBXResourcesBuildPhase section */
		2F2BE7A3246DA08800F97E7C /* Resources */ = {
			isa = PBXResourcesBuildPhase;
			buildActionMask = 2147483647;
			files = (
				2F2BE7B5246DA09200F97E7C /* LaunchScreen.storyboard in Resources */,
				2F2BE7B2246DA09200F97E7C /* Assets.xcassets in Resources */,
				2F2BE7B0246DA08800F97E7C /* Main.storyboard in Resources */,
			);
			runOnlyForDeploymentPostprocessing = 0;
		};
/* End PBXResourcesBuildPhase section */

/* Begin PBXSourcesBuildPhase section */
		2F2BE7A1246DA08800F97E7C /* Sources */ = {
			isa = PBXSourcesBuildPhase;
			buildActionMask = 2147483647;
			files = (
				2F2BE7C7246DE95E00F97E7C /* WebService.swift in Sources */,
				2F2BE7BE246DB1B400F97E7C /* WeatherListTableViewController.swift in Sources */,
				2F2BE7A9246DA08800F97E7C /* AppDelegate.swift in Sources */,
				2F2BE7CA246DEF9000F97E7C /* WeatherListViewModel.swift in Sources */,
				2F2BE7C4246DC27800F97E7C /* WeatherCell.swift in Sources */,
				2F2BE7C0246DB28C00F97E7C /* AddWeatherCityViewController.swift in Sources */,
				2F2BE7AB246DA08800F97E7C /* SceneDelegate.swift in Sources */,
			);
			runOnlyForDeploymentPostprocessing = 0;
		};
/* End PBXSourcesBuildPhase section */

/* Begin PBXVariantGroup section */
		2F2BE7AE246DA08800F97E7C /* Main.storyboard */ = {
			isa = PBXVariantGroup;
			children = (
				2F2BE7AF246DA08800F97E7C /* Base */,
			);
			name = Main.storyboard;
			sourceTree = "<group>";
		};
		2F2BE7B3246DA09200F97E7C /* LaunchScreen.storyboard */ = {
			isa = PBXVariantGroup;
			children = (
				2F2BE7B4246DA09200F97E7C /* Base */,
			);
			name = LaunchScreen.storyboard;
			sourceTree = "<group>";
		};
/* End PBXVariantGroup section */

/* Begin XCBuildConfiguration section */
		2F2BE7B7246DA09200F97E7C /* Debug */ = {
			isa = XCBuildConfiguration;
			buildSettings = {
				ALWAYS_SEARCH_USER_PATHS = NO;
				CLANG_ANALYZER_NONNULL = YES;
				CLANG_ANALYZER_NUMBER_OBJECT_CONVERSION = YES_AGGRESSIVE;
				CLANG_CXX_LANGUAGE_STANDARD = "gnu++14";
				CLANG_CXX_LIBRARY = "libc++";
				CLANG_ENABLE_MODULES = YES;
				CLANG_ENABLE_OBJC_ARC = YES;
				CLANG_ENABLE_OBJC_WEAK = YES;
				CLANG_WARN_BLOCK_CAPTURE_AUTORELEASING = YES;
				CLANG_WARN_BOOL_CONVERSION = YES;
				CLANG_WARN_COMMA = YES;
				CLANG_WARN_CONSTANT_CONVERSION = YES;
				CLANG_WARN_DEPRECATED_OBJC_IMPLEMENTATIONS = YES;
				CLANG_WARN_DIRECT_OBJC_ISA_USAGE = YES_ERROR;
				CLANG_WARN_DOCUMENTATION_COMMENTS = YES;
				CLANG_WARN_EMPTY_BODY = YES;
				CLANG_WARN_ENUM_CONVERSION = YES;
				CLANG_WARN_INFINITE_RECURSION = YES;
				CLANG_WARN_INT_CONVERSION = YES;
				CLANG_WARN_NON_LITERAL_NULL_CONVERSION = YES;
				CLANG_WARN_OBJC_IMPLICIT_RETAIN_SELF = YES;
				CLANG_WARN_OBJC_LITERAL_CONVERSION = YES;
				CLANG_WARN_OBJC_ROOT_CLASS = YES_ERROR;
				CLANG_WARN_RANGE_LOOP_ANALYSIS = YES;
				CLANG_WARN_STRICT_PROTOTYPES = YES;
				CLANG_WARN_SUSPICIOUS_MOVE = YES;
				CLANG_WARN_UNGUARDED_AVAILABILITY = YES_AGGRESSIVE;
				CLANG_WARN_UNREACHABLE_CODE = YES;
				CLANG_WARN__DUPLICATE_METHOD_MATCH = YES;
				COPY_PHASE_STRIP = NO;
				DEBUG_INFORMATION_FORMAT = dwarf;
				ENABLE_STRICT_OBJC_MSGSEND = YES;
				ENABLE_TESTABILITY = YES;
				GCC_C_LANGUAGE_STANDARD = gnu11;
				GCC_DYNAMIC_NO_PIC = NO;
				GCC_NO_COMMON_BLOCKS = YES;
				GCC_OPTIMIZATION_LEVEL = 0;
				GCC_PREPROCESSOR_DEFINITIONS = (
					"DEBUG=1",
					"$(inherited)",
				);
				GCC_WARN_64_TO_32_BIT_CONVERSION = YES;
				GCC_WARN_ABOUT_RETURN_TYPE = YES_ERROR;
				GCC_WARN_UNDECLARED_SELECTOR = YES;
				GCC_WARN_UNINITIALIZED_AUTOS = YES_AGGRESSIVE;
				GCC_WARN_UNUSED_FUNCTION = YES;
				GCC_WARN_UNUSED_VARIABLE = YES;
				IPHONEOS_DEPLOYMENT_TARGET = 13.4;
				MTL_ENABLE_DEBUG_INFO = INCLUDE_SOURCE;
				MTL_FAST_MATH = YES;
				ONLY_ACTIVE_ARCH = YES;
				SDKROOT = iphoneos;
				SWIFT_ACTIVE_COMPILATION_CONDITIONS = DEBUG;
				SWIFT_OPTIMIZATION_LEVEL = "-Onone";
			};
			name = Debug;
		};
		2F2BE7B8246DA09200F97E7C /* Release */ = {
			isa = XCBuildConfiguration;
			buildSettings = {
				ALWAYS_SEARCH_USER_PATHS = NO;
				CLANG_ANALYZER_NONNULL = YES;
				CLANG_ANALYZER_NUMBER_OBJECT_CONVERSION = YES_AGGRESSIVE;
				CLANG_CXX_LANGUAGE_STANDARD = "gnu++14";
				CLANG_CXX_LIBRARY = "libc++";
				CLANG_ENABLE_MODULES = YES;
				CLANG_ENABLE_OBJC_ARC = YES;
				CLANG_ENABLE_OBJC_WEAK = YES;
				CLANG_WARN_BLOCK_CAPTURE_AUTORELEASING = YES;
				CLANG_WARN_BOOL_CONVERSION = YES;
				CLANG_WARN_COMMA = YES;
				CLANG_WARN_CONSTANT_CONVERSION = YES;
				CLANG_WARN_DEPRECATED_OBJC_IMPLEMENTATIONS = YES;
				CLANG_WARN_DIRECT_OBJC_ISA_USAGE = YES_ERROR;
				CLANG_WARN_DOCUMENTATION_COMMENTS = YES;
				CLANG_WARN_EMPTY_BODY = YES;
				CLANG_WARN_ENUM_CONVERSION = YES;
				CLANG_WARN_INFINITE_RECURSION = YES;
				CLANG_WARN_INT_CONVERSION = YES;
				CLANG_WARN_NON_LITERAL_NULL_CONVERSION = YES;
				CLANG_WARN_OBJC_IMPLICIT_RETAIN_SELF = YES;
				CLANG_WARN_OBJC_LITERAL_CONVERSION = YES;
				CLANG_WARN_OBJC_ROOT_CLASS = YES_ERROR;
				CLANG_WARN_RANGE_LOOP_ANALYSIS = YES;
				CLANG_WARN_STRICT_PROTOTYPES = YES;
				CLANG_WARN_SUSPICIOUS_MOVE = YES;
				CLANG_WARN_UNGUARDED_AVAILABILITY = YES_AGGRESSIVE;
				CLANG_WARN_UNREACHABLE_CODE = YES;
				CLANG_WARN__DUPLICATE_METHOD_MATCH = YES;
				COPY_PHASE_STRIP = NO;
				DEBUG_INFORMATION_FORMAT = "dwarf-with-dsym";
				ENABLE_NS_ASSERTIONS = NO;
				ENABLE_STRICT_OBJC_MSGSEND = YES;
				GCC_C_LANGUAGE_STANDARD = gnu11;
				GCC_NO_COMMON_BLOCKS = YES;
				GCC_WARN_64_TO_32_BIT_CONVERSION = YES;
				GCC_WARN_ABOUT_RETURN_TYPE = YES_ERROR;
				GCC_WARN_UNDECLARED_SELECTOR = YES;
				GCC_WARN_UNINITIALIZED_AUTOS = YES_AGGRESSIVE;
				GCC_WARN_UNUSED_FUNCTION = YES;
				GCC_WARN_UNUSED_VARIABLE = YES;
				IPHONEOS_DEPLOYMENT_TARGET = 13.4;
				MTL_ENABLE_DEBUG_INFO = NO;
				MTL_FAST_MATH = YES;
				SDKROOT = iphoneos;
				SWIFT_COMPILATION_MODE = wholemodule;
				SWIFT_OPTIMIZATION_LEVEL = "-O";
				VALIDATE_PRODUCT = YES;
			};
			name = Release;
		};
		2F2BE7BA246DA09200F97E7C /* Debug */ = {
			isa = XCBuildConfiguration;
			buildSettings = {
				ASSETCATALOG_COMPILER_APPICON_NAME = AppIcon;
				CODE_SIGN_STYLE = Automatic;
				DEVELOPMENT_TEAM = Y29764E28T;
				INFOPLIST_FILE = WeatherApp/Info.plist;
				LD_RUNPATH_SEARCH_PATHS = (
					"$(inherited)",
					"@executable_path/Frameworks",
				);
				PRODUCT_BUNDLE_IDENTIFIER = com.dala.WeatherApp;
				PRODUCT_NAME = "$(TARGET_NAME)";
				SWIFT_VERSION = 5.0;
				TARGETED_DEVICE_FAMILY = "1,2";
			};
			name = Debug;
		};
		2F2BE7BB246DA09200F97E7C /* Release */ = {
			isa = XCBuildConfiguration;
			buildSettings = {
				ASSETCATALOG_COMPILER_APPICON_NAME = AppIcon;
				CODE_SIGN_STYLE = Automatic;
				DEVELOPMENT_TEAM = Y29764E28T;
				INFOPLIST_FILE = WeatherApp/Info.plist;
				LD_RUNPATH_SEARCH_PATHS = (
					"$(inherited)",
					"@executable_path/Frameworks",
				);
				PRODUCT_BUNDLE_IDENTIFIER = com.dala.WeatherApp;
				PRODUCT_NAME = "$(TARGET_NAME)";
				SWIFT_VERSION = 5.0;
				TARGETED_DEVICE_FAMILY = "1,2";
			};
			name = Release;
		};
/* End XCBuildConfiguration section */

/* Begin XCConfigurationList section */
		2F2BE7A0246DA08800F97E7C /* Build configuration list for PBXProject "WeatherApp" */ = {
			isa = XCConfigurationList;
			buildConfigurations = (
				2F2BE7B7246DA09200F97E7C /* Debug */,
				2F2BE7B8246DA09200F97E7C /* Release */,
			);
			defaultConfigurationIsVisible = 0;
			defaultConfigurationName = Release;
		};
		2F2BE7B9246DA09200F97E7C /* Build configuration list for PBXNativeTarget "WeatherApp" */ = {
			isa = XCConfigurationList;
			buildConfigurations = (
				2F2BE7BA246DA09200F97E7C /* Debug */,
				2F2BE7BB246DA09200F97E7C /* Release */,
			);
			defaultConfigurationIsVisible = 0;
			defaultConfigurationName = Release;
		};
/* End XCConfigurationList section */
	};
	rootObject = 2F2BE79D246DA08800F97E7C /* Project object */;
}
